{
  "name": "material-para-challenge",
  "lockfileVersion": 3,
  "requires": true,
  "packages": {
    "": {
      "dependencies": {
        "a": "^3.0.1"
      }
    },
    "node_modules/a": {
      "version": "3.0.1",
      "resolved": "https://registry.npmjs.org/a/-/a-3.0.1.tgz",
      "integrity": "sha512-7keco9nAKQNb1+EFWVpzHrPfrFEcpzDoeYoKBktoUq/TQO0cpGDQ63KBQ3486a5OV5OGRzKC0Xu/g9IQb205qA==",
      "dependencies": {
        "a_mock": "1.0.5"
      }
    },
    "node_modules/a_mock": {
      "version": "1.0.5",
      "resolved": "https://registry.npmjs.org/a_mock/-/a_mock-1.0.5.tgz",
      "integrity": "sha512-HnjqBn1raagaPlpT8+4A9ZP3ntlh3fuW7kpdoeiCapxtYYz8VPTOkyv7TdQ18b4kMHqMNfwqlWSurex8dXWMkw=="
    }
  }
}
